// !$*UTF8*$!
{
	archiveVersion = 1;
	classes = {
	};
	objectVersion = 56;
	objects = {

/* Begin PBXBuildFile section */
		1D025F95B88A6A02C31A3EEF /* ChibaSwiftStaticLinuxSDKPresentationApp.swift in Sources */ = {isa = PBXBuildFile; fileRef = 22F5F32B4D0070D030095A10 /* ChibaSwiftStaticLinuxSDKPresentationApp.swift */; };
		7889E1DA4D353B19CECE1F66 /* SlideKit in Frameworks */ = {isa = PBXBuildFile; productRef = D9E8550ED6AB0A42244705A8 /* SlideKit */; };
		90BAB87D11FC0142F77D23D6 /* SampleSlide.swift in Sources */ = {isa = PBXBuildFile; fileRef = 5ED8B58BF72793F832AA19F4 /* SampleSlide.swift */; };
		CF134E342CFF5A7200B96E0E /* HelloFullerSlide.swift in Sources */ = {isa = PBXBuildFile; fileRef = CF134E332CFF5A7200B96E0E /* HelloFullerSlide.swift */; };
		CF134E362CFF5C1500B96E0E /* AcknowledgementSlide.swift in Sources */ = {isa = PBXBuildFile; fileRef = CF134E352CFF5C1500B96E0E /* AcknowledgementSlide.swift */; };
		CF134E3B2CFF609C00B96E0E /* Colors.xcassets in Resources */ = {isa = PBXBuildFile; fileRef = CF134E372CFF5F9700B96E0E /* Colors.xcassets */; };
		CF134E3D2CFFFFFE00B96E0E /* ReferenceSlide.swift in Sources */ = {isa = PBXBuildFile; fileRef = CF134E3C2CFFFFFE00B96E0E /* ReferenceSlide.swift */; };
		CF134E3F2D00182600B96E0E /* AgendaSlide.swift in Sources */ = {isa = PBXBuildFile; fileRef = CF134E3E2D00182600B96E0E /* AgendaSlide.swift */; };
		CF134E442D0150D900B96E0E /* LinuxSupportUntilNowSlide.swift in Sources */ = {isa = PBXBuildFile; fileRef = CF134E432D0150D900B96E0E /* LinuxSupportUntilNowSlide.swift */; };
		CF5EE3A52CFF4B0900478D54 /* TitleSlide.swift in Sources */ = {isa = PBXBuildFile; fileRef = CF5EE3A42CFF4B0900478D54 /* TitleSlide.swift */; };
		CF5EE3A72CFF4D6600478D54 /* SelfIntroductionSlide.swift in Sources */ = {isa = PBXBuildFile; fileRef = CF5EE3A62CFF4D6600478D54 /* SelfIntroductionSlide.swift */; };
		CF71DA802D008C00000BEFDB /* SlideTitle.swift in Sources */ = {isa = PBXBuildFile; fileRef = CF71DA7F2D008C00000BEFDB /* SlideTitle.swift */; };
		CF71DA822D008C42000BEFDB /* LinkingSlide.swift in Sources */ = {isa = PBXBuildFile; fileRef = CF71DA812D008C42000BEFDB /* LinkingSlide.swift */; };
		CF71DA862D008D6A000BEFDB /* AboutStaticLinuxSDKSlide.swift in Sources */ = {isa = PBXBuildFile; fileRef = CF71DA852D008D6A000BEFDB /* AboutStaticLinuxSDKSlide.swift */; };
		CF71DA882D009F2F000BEFDB /* Assets.xcassets in Resources */ = {isa = PBXBuildFile; fileRef = CF71DA872D009F2F000BEFDB /* Assets.xcassets */; };
		CF71DA8A2D00B069000BEFDB /* IncludingStaticSDKDockerImageSlide.swift in Sources */ = {isa = PBXBuildFile; fileRef = CF71DA892D00B069000BEFDB /* IncludingStaticSDKDockerImageSlide.swift */; };
		CF71DA8C2D00B16D000BEFDB /* PerformanceHelloSlide.swift in Sources */ = {isa = PBXBuildFile; fileRef = CF71DA8B2D00B16D000BEFDB /* PerformanceHelloSlide.swift */; };
		E637CCC04E90B84F319CFD93 /* SlideConfiguration.swift in Sources */ = {isa = PBXBuildFile; fileRef = CAB79A7067A5B23208533A0F /* SlideConfiguration.swift */; };
/* End PBXBuildFile section */

/* Begin PBXFileReference section */
		06A36A6F087DD2752E00EAE1 /* Info.plist */ = {isa = PBXFileReference; lastKnownFileType = text.plist; path = Info.plist; sourceTree = "<group>"; };
		071E181B1C2F7F03C90CE135 /* ChibaSwiftStaticLinuxSDKPresentation.app */ = {isa = PBXFileReference; explicitFileType = wrapper.application; includeInIndex = 0; path = ChibaSwiftStaticLinuxSDKPresentation.app; sourceTree = BUILT_PRODUCTS_DIR; };
		22F5F32B4D0070D030095A10 /* ChibaSwiftStaticLinuxSDKPresentationApp.swift */ = {isa = PBXFileReference; lastKnownFileType = sourcecode.swift; path = ChibaSwiftStaticLinuxSDKPresentationApp.swift; sourceTree = "<group>"; };
		5ED8B58BF72793F832AA19F4 /* SampleSlide.swift */ = {isa = PBXFileReference; lastKnownFileType = sourcecode.swift; path = SampleSlide.swift; sourceTree = "<group>"; };
		CAB79A7067A5B23208533A0F /* SlideConfiguration.swift */ = {isa = PBXFileReference; lastKnownFileType = sourcecode.swift; path = SlideConfiguration.swift; sourceTree = "<group>"; };
		CF134E332CFF5A7200B96E0E /* HelloFullerSlide.swift */ = {isa = PBXFileReference; lastKnownFileType = sourcecode.swift; path = HelloFullerSlide.swift; sourceTree = "<group>"; };
		CF134E352CFF5C1500B96E0E /* AcknowledgementSlide.swift */ = {isa = PBXFileReference; lastKnownFileType = sourcecode.swift; path = AcknowledgementSlide.swift; sourceTree = "<group>"; };
		CF134E372CFF5F9700B96E0E /* Colors.xcassets */ = {isa = PBXFileReference; lastKnownFileType = folder.assetcatalog; path = Colors.xcassets; sourceTree = "<group>"; };
		CF134E3C2CFFFFFE00B96E0E /* ReferenceSlide.swift */ = {isa = PBXFileReference; lastKnownFileType = sourcecode.swift; path = ReferenceSlide.swift; sourceTree = "<group>"; };
		CF134E3E2D00182600B96E0E /* AgendaSlide.swift */ = {isa = PBXFileReference; lastKnownFileType = sourcecode.swift; path = AgendaSlide.swift; sourceTree = "<group>"; };
		CF134E432D0150D900B96E0E /* LinuxSupportUntilNowSlide.swift */ = {isa = PBXFileReference; lastKnownFileType = sourcecode.swift; path = LinuxSupportUntilNowSlide.swift; sourceTree = "<group>"; };
		CF5EE3A42CFF4B0900478D54 /* TitleSlide.swift */ = {isa = PBXFileReference; lastKnownFileType = sourcecode.swift; path = TitleSlide.swift; sourceTree = "<group>"; };
		CF5EE3A62CFF4D6600478D54 /* SelfIntroductionSlide.swift */ = {isa = PBXFileReference; lastKnownFileType = sourcecode.swift; path = SelfIntroductionSlide.swift; sourceTree = "<group>"; };
		CF71DA7F2D008C00000BEFDB /* SlideTitle.swift */ = {isa = PBXFileReference; lastKnownFileType = sourcecode.swift; path = SlideTitle.swift; sourceTree = "<group>"; };
		CF71DA812D008C42000BEFDB /* LinkingSlide.swift */ = {isa = PBXFileReference; lastKnownFileType = sourcecode.swift; path = LinkingSlide.swift; sourceTree = "<group>"; };
		CF71DA852D008D6A000BEFDB /* AboutStaticLinuxSDKSlide.swift */ = {isa = PBXFileReference; lastKnownFileType = sourcecode.swift; path = AboutStaticLinuxSDKSlide.swift; sourceTree = "<group>"; };
		CF71DA872D009F2F000BEFDB /* Assets.xcassets */ = {isa = PBXFileReference; lastKnownFileType = folder.assetcatalog; path = Assets.xcassets; sourceTree = "<group>"; };
		CF71DA892D00B069000BEFDB /* IncludingStaticSDKDockerImageSlide.swift */ = {isa = PBXFileReference; lastKnownFileType = sourcecode.swift; path = IncludingStaticSDKDockerImageSlide.swift; sourceTree = "<group>"; };
		CF71DA8B2D00B16D000BEFDB /* PerformanceHelloSlide.swift */ = {isa = PBXFileReference; lastKnownFileType = sourcecode.swift; path = PerformanceHelloSlide.swift; sourceTree = "<group>"; };
		FF1730EA010EB1E52C9493DD /* ChibaSwiftStaticLinuxSDKPresentation.entitlements */ = {isa = PBXFileReference; lastKnownFileType = text.plist.entitlements; path = ChibaSwiftStaticLinuxSDKPresentation.entitlements; sourceTree = "<group>"; };
/* End PBXFileReference section */

/* Begin PBXFrameworksBuildPhase section */
		D099B6E9534E78B19949B20C /* Frameworks */ = {
			isa = PBXFrameworksBuildPhase;
			buildActionMask = 2147483647;
			files = (
				7889E1DA4D353B19CECE1F66 /* SlideKit in Frameworks */,
			);
			runOnlyForDeploymentPostprocessing = 0;
		};
/* End PBXFrameworksBuildPhase section */

/* Begin PBXGroup section */
		2E8BE1094CFC550195BA761F = {
			isa = PBXGroup;
			children = (
				50FBB08A7050C4D9AD0DCEF2 /* ChibaSwiftStaticLinuxSDKPresentation */,
				47AC739BAFB9790DF0CC4286 /* Products */,
			);
			indentWidth = 2;
			sourceTree = "<group>";
			tabWidth = 2;
		};
		47AC739BAFB9790DF0CC4286 /* Products */ = {
			isa = PBXGroup;
			children = (
				071E181B1C2F7F03C90CE135 /* ChibaSwiftStaticLinuxSDKPresentation.app */,
			);
			name = Products;
			sourceTree = "<group>";
		};
		50FBB08A7050C4D9AD0DCEF2 /* ChibaSwiftStaticLinuxSDKPresentation */ = {
			isa = PBXGroup;
			children = (
				FF1730EA010EB1E52C9493DD /* ChibaSwiftStaticLinuxSDKPresentation.entitlements */,
				22F5F32B4D0070D030095A10 /* ChibaSwiftStaticLinuxSDKPresentationApp.swift */,
				06A36A6F087DD2752E00EAE1 /* Info.plist */,
				CAB79A7067A5B23208533A0F /* SlideConfiguration.swift */,
				CA195DFB2A5078C6C5440A5E /* Slides */,
				CF71DA842D008CFC000BEFDB /* Components */,
				CF134E372CFF5F9700B96E0E /* Colors.xcassets */,
				CF71DA872D009F2F000BEFDB /* Assets.xcassets */,
			);
			path = ChibaSwiftStaticLinuxSDKPresentation;
			sourceTree = "<group>";
		};
		CA195DFB2A5078C6C5440A5E /* Slides */ = {
			isa = PBXGroup;
			children = (
				5ED8B58BF72793F832AA19F4 /* SampleSlide.swift */,
				CF5EE3A42CFF4B0900478D54 /* TitleSlide.swift */,
				CF134E3E2D00182600B96E0E /* AgendaSlide.swift */,
				CF5EE3A62CFF4D6600478D54 /* SelfIntroductionSlide.swift */,
				CF134E332CFF5A7200B96E0E /* HelloFullerSlide.swift */,
				CF134E432D0150D900B96E0E /* LinuxSupportUntilNowSlide.swift */,
				CF71DA852D008D6A000BEFDB /* AboutStaticLinuxSDKSlide.swift */,
				CF71DA812D008C42000BEFDB /* LinkingSlide.swift */,
				CF71DA892D00B069000BEFDB /* IncludingStaticSDKDockerImageSlide.swift */,
				CF71DA8B2D00B16D000BEFDB /* PerformanceHelloSlide.swift */,
				CF134E3C2CFFFFFE00B96E0E /* ReferenceSlide.swift */,
				CF134E352CFF5C1500B96E0E /* AcknowledgementSlide.swift */,
			);
			path = Slides;
			sourceTree = "<group>";
		};
		CF71DA842D008CFC000BEFDB /* Components */ = {
			isa = PBXGroup;
			children = (
				CF71DA7F2D008C00000BEFDB /* SlideTitle.swift */,
			);
			path = Components;
			sourceTree = "<group>";
		};
/* End PBXGroup section */

/* Begin PBXNativeTarget section */
		429C6B5F95A43C746D41E473 /* ChibaSwiftStaticLinuxSDKPresentation */ = {
			isa = PBXNativeTarget;
			buildConfigurationList = A3AA3355A7980B565C4C40DB /* Build configuration list for PBXNativeTarget "ChibaSwiftStaticLinuxSDKPresentation" */;
			buildPhases = (
				CF134E3A2CFF609600B96E0E /* Resources */,
				8DA41CF1DF6DDC89DD047089 /* Sources */,
				D099B6E9534E78B19949B20C /* Frameworks */,
			);
			buildRules = (
			);
			dependencies = (
			);
			name = ChibaSwiftStaticLinuxSDKPresentation;
			packageProductDependencies = (
				D9E8550ED6AB0A42244705A8 /* SlideKit */,
			);
			productName = ChibaSwiftSwiftLinuxSDKPresentation;
			productReference = 071E181B1C2F7F03C90CE135 /* ChibaSwiftStaticLinuxSDKPresentation.app */;
			productType = "com.apple.product-type.application";
		};
/* End PBXNativeTarget section */

/* Begin PBXProject section */
		7EEF492F3EA4CFC9BA213635 /* Project object */ = {
			isa = PBXProject;
			attributes = {
				BuildIndependentTargetsInParallel = YES;
				LastUpgradeCheck = 1610;
			};
			buildConfigurationList = 1EB7B8D6EB1DE32F7705531B /* Build configuration list for PBXProject "ChibaSwiftStaticLinuxSDKPresentation" */;
			compatibilityVersion = "Xcode 14.0";
			developmentRegion = en;
			hasScannedForEncodings = 0;
			knownRegions = (
				Base,
				en,
			);
			mainGroup = 2E8BE1094CFC550195BA761F;
			packageReferences = (
				B33A7C57E07DC660E6464830 /* XCRemoteSwiftPackageReference "SlideKit" */,
			);
			projectDirPath = "";
			projectRoot = "";
			targets = (
				429C6B5F95A43C746D41E473 /* ChibaSwiftStaticLinuxSDKPresentation */,
			);
		};
/* End PBXProject section */

/* Begin PBXResourcesBuildPhase section */
		CF134E3A2CFF609600B96E0E /* Resources */ = {
			isa = PBXResourcesBuildPhase;
			buildActionMask = 2147483647;
			files = (
				CF71DA882D009F2F000BEFDB /* Assets.xcassets in Resources */,
				CF134E3B2CFF609C00B96E0E /* Colors.xcassets in Resources */,
			);
			runOnlyForDeploymentPostprocessing = 0;
		};
/* End PBXResourcesBuildPhase section */

/* Begin PBXSourcesBuildPhase section */
		8DA41CF1DF6DDC89DD047089 /* Sources */ = {
			isa = PBXSourcesBuildPhase;
			buildActionMask = 2147483647;
			files = (
				1D025F95B88A6A02C31A3EEF /* ChibaSwiftStaticLinuxSDKPresentationApp.swift in Sources */,
				90BAB87D11FC0142F77D23D6 /* SampleSlide.swift in Sources */,
				CF5EE3A72CFF4D6600478D54 /* SelfIntroductionSlide.swift in Sources */,
				CF5EE3A52CFF4B0900478D54 /* TitleSlide.swift in Sources */,
				CF134E442D0150D900B96E0E /* LinuxSupportUntilNowSlide.swift in Sources */,
				CF134E3F2D00182600B96E0E /* AgendaSlide.swift in Sources */,
				CF134E342CFF5A7200B96E0E /* HelloFullerSlide.swift in Sources */,
				CF71DA822D008C42000BEFDB /* LinkingSlide.swift in Sources */,
				CF71DA862D008D6A000BEFDB /* AboutStaticLinuxSDKSlide.swift in Sources */,
				CF71DA802D008C00000BEFDB /* SlideTitle.swift in Sources */,
				CF71DA8A2D00B069000BEFDB /* IncludingStaticSDKDockerImageSlide.swift in Sources */,
				E637CCC04E90B84F319CFD93 /* SlideConfiguration.swift in Sources */,
				CF134E362CFF5C1500B96E0E /* AcknowledgementSlide.swift in Sources */,
				CF134E3D2CFFFFFE00B96E0E /* ReferenceSlide.swift in Sources */,
				CF71DA8C2D00B16D000BEFDB /* PerformanceHelloSlide.swift in Sources */,
			);
			runOnlyForDeploymentPostprocessing = 0;
		};
/* End PBXSourcesBuildPhase section */

/* Begin XCBuildConfiguration section */
		3058D65B0C7B9F0F2DDDE9A6 /* Debug */ = {
			isa = XCBuildConfiguration;
			buildSettings = {
				ASSETCATALOG_COMPILER_APPICON_NAME = AppIcon;
				COMBINE_HIDPI_IMAGES = YES;
				CURRENT_PROJECT_VERSION = 1;
				DEAD_CODE_STRIPPING = YES;
				INFOPLIST_FILE = ChibaSwiftStaticLinuxSDKPresentation/Info.plist;
				LD_RUNPATH_SEARCH_PATHS = (
					"$(inherited)",
					"@executable_path/../Frameworks",
				);
				MACOSX_DEPLOYMENT_TARGET = 12.0;
				MARKETING_VERSION = 1.0.0;
				PRODUCT_BUNDLE_IDENTIFIER = com.github.mtj0928.SlideGen.ChibaSwiftSwiftLinuxSDKPresentation;
				PRODUCT_NAME = ChibaSwiftStaticLinuxSDKPresentation;
				SDKROOT = macosx;
			};
			name = Debug;
		};
		5BF36190132400E78F8DCE76 /* Release */ = {
			isa = XCBuildConfiguration;
			buildSettings = {
				ALWAYS_SEARCH_USER_PATHS = NO;
				CLANG_ANALYZER_NONNULL = YES;
				CLANG_ANALYZER_NUMBER_OBJECT_CONVERSION = YES_AGGRESSIVE;
				CLANG_CXX_LANGUAGE_STANDARD = "gnu++14";
				CLANG_CXX_LIBRARY = "libc++";
				CLANG_ENABLE_MODULES = YES;
				CLANG_ENABLE_OBJC_ARC = YES;
				CLANG_ENABLE_OBJC_WEAK = YES;
				CLANG_WARN_BLOCK_CAPTURE_AUTORELEASING = YES;
				CLANG_WARN_BOOL_CONVERSION = YES;
				CLANG_WARN_COMMA = YES;
				CLANG_WARN_CONSTANT_CONVERSION = YES;
				CLANG_WARN_DEPRECATED_OBJC_IMPLEMENTATIONS = YES;
				CLANG_WARN_DIRECT_OBJC_ISA_USAGE = YES_ERROR;
				CLANG_WARN_DOCUMENTATION_COMMENTS = YES;
				CLANG_WARN_EMPTY_BODY = YES;
				CLANG_WARN_ENUM_CONVERSION = YES;
				CLANG_WARN_INFINITE_RECURSION = YES;
				CLANG_WARN_INT_CONVERSION = YES;
				CLANG_WARN_NON_LITERAL_NULL_CONVERSION = YES;
				CLANG_WARN_OBJC_IMPLICIT_RETAIN_SELF = YES;
				CLANG_WARN_OBJC_LITERAL_CONVERSION = YES;
				CLANG_WARN_OBJC_ROOT_CLASS = YES_ERROR;
				CLANG_WARN_QUOTED_INCLUDE_IN_FRAMEWORK_HEADER = YES;
				CLANG_WARN_RANGE_LOOP_ANALYSIS = YES;
				CLANG_WARN_STRICT_PROTOTYPES = YES;
				CLANG_WARN_SUSPICIOUS_MOVE = YES;
				CLANG_WARN_UNGUARDED_AVAILABILITY = YES_AGGRESSIVE;
				CLANG_WARN_UNREACHABLE_CODE = YES;
				CLANG_WARN__DUPLICATE_METHOD_MATCH = YES;
				COPY_PHASE_STRIP = NO;
				DEAD_CODE_STRIPPING = YES;
				DEBUG_INFORMATION_FORMAT = "dwarf-with-dsym";
				ENABLE_NS_ASSERTIONS = NO;
				ENABLE_STRICT_OBJC_MSGSEND = YES;
				ENABLE_USER_SCRIPT_SANDBOXING = YES;
				GCC_C_LANGUAGE_STANDARD = gnu11;
				GCC_NO_COMMON_BLOCKS = YES;
				GCC_WARN_64_TO_32_BIT_CONVERSION = YES;
				GCC_WARN_ABOUT_RETURN_TYPE = YES_ERROR;
				GCC_WARN_UNDECLARED_SELECTOR = YES;
				GCC_WARN_UNINITIALIZED_AUTOS = YES_AGGRESSIVE;
				GCC_WARN_UNUSED_FUNCTION = YES;
				GCC_WARN_UNUSED_VARIABLE = YES;
				MTL_ENABLE_DEBUG_INFO = NO;
				MTL_FAST_MATH = YES;
				PRODUCT_NAME = "$(TARGET_NAME)";
				SDKROOT = macosx;
				SWIFT_COMPILATION_MODE = wholemodule;
				SWIFT_OPTIMIZATION_LEVEL = "-O";
				SWIFT_VERSION = 5.0;
			};
			name = Release;
		};
		B7658D93444498CCA78B37DE /* Debug */ = {
			isa = XCBuildConfiguration;
			buildSettings = {
				ALWAYS_SEARCH_USER_PATHS = NO;
				CLANG_ANALYZER_NONNULL = YES;
				CLANG_ANALYZER_NUMBER_OBJECT_CONVERSION = YES_AGGRESSIVE;
				CLANG_CXX_LANGUAGE_STANDARD = "gnu++14";
				CLANG_CXX_LIBRARY = "libc++";
				CLANG_ENABLE_MODULES = YES;
				CLANG_ENABLE_OBJC_ARC = YES;
				CLANG_ENABLE_OBJC_WEAK = YES;
				CLANG_WARN_BLOCK_CAPTURE_AUTORELEASING = YES;
				CLANG_WARN_BOOL_CONVERSION = YES;
				CLANG_WARN_COMMA = YES;
				CLANG_WARN_CONSTANT_CONVERSION = YES;
				CLANG_WARN_DEPRECATED_OBJC_IMPLEMENTATIONS = YES;
				CLANG_WARN_DIRECT_OBJC_ISA_USAGE = YES_ERROR;
				CLANG_WARN_DOCUMENTATION_COMMENTS = YES;
				CLANG_WARN_EMPTY_BODY = YES;
				CLANG_WARN_ENUM_CONVERSION = YES;
				CLANG_WARN_INFINITE_RECURSION = YES;
				CLANG_WARN_INT_CONVERSION = YES;
				CLANG_WARN_NON_LITERAL_NULL_CONVERSION = YES;
				CLANG_WARN_OBJC_IMPLICIT_RETAIN_SELF = YES;
				CLANG_WARN_OBJC_LITERAL_CONVERSION = YES;
				CLANG_WARN_OBJC_ROOT_CLASS = YES_ERROR;
				CLANG_WARN_QUOTED_INCLUDE_IN_FRAMEWORK_HEADER = YES;
				CLANG_WARN_RANGE_LOOP_ANALYSIS = YES;
				CLANG_WARN_STRICT_PROTOTYPES = YES;
				CLANG_WARN_SUSPICIOUS_MOVE = YES;
				CLANG_WARN_UNGUARDED_AVAILABILITY = YES_AGGRESSIVE;
				CLANG_WARN_UNREACHABLE_CODE = YES;
				CLANG_WARN__DUPLICATE_METHOD_MATCH = YES;
				COPY_PHASE_STRIP = NO;
				DEAD_CODE_STRIPPING = YES;
				DEBUG_INFORMATION_FORMAT = dwarf;
				ENABLE_STRICT_OBJC_MSGSEND = YES;
				ENABLE_TESTABILITY = YES;
				ENABLE_USER_SCRIPT_SANDBOXING = YES;
				GCC_C_LANGUAGE_STANDARD = gnu11;
				GCC_DYNAMIC_NO_PIC = NO;
				GCC_NO_COMMON_BLOCKS = YES;
				GCC_OPTIMIZATION_LEVEL = 0;
				GCC_PREPROCESSOR_DEFINITIONS = (
					"$(inherited)",
					"DEBUG=1",
				);
				GCC_WARN_64_TO_32_BIT_CONVERSION = YES;
				GCC_WARN_ABOUT_RETURN_TYPE = YES_ERROR;
				GCC_WARN_UNDECLARED_SELECTOR = YES;
				GCC_WARN_UNINITIALIZED_AUTOS = YES_AGGRESSIVE;
				GCC_WARN_UNUSED_FUNCTION = YES;
				GCC_WARN_UNUSED_VARIABLE = YES;
				MTL_ENABLE_DEBUG_INFO = INCLUDE_SOURCE;
				MTL_FAST_MATH = YES;
				ONLY_ACTIVE_ARCH = YES;
				PRODUCT_NAME = "$(TARGET_NAME)";
				SDKROOT = macosx;
				SWIFT_ACTIVE_COMPILATION_CONDITIONS = DEBUG;
				SWIFT_OPTIMIZATION_LEVEL = "-Onone";
				SWIFT_VERSION = 5.0;
			};
			name = Debug;
		};
		F8F4A08B16146745A967A8B9 /* Release */ = {
			isa = XCBuildConfiguration;
			buildSettings = {
				ASSETCATALOG_COMPILER_APPICON_NAME = AppIcon;
				COMBINE_HIDPI_IMAGES = YES;
				CURRENT_PROJECT_VERSION = 1;
				DEAD_CODE_STRIPPING = YES;
				INFOPLIST_FILE = ChibaSwiftStaticLinuxSDKPresentation/Info.plist;
				LD_RUNPATH_SEARCH_PATHS = (
					"$(inherited)",
					"@executable_path/../Frameworks",
				);
				MACOSX_DEPLOYMENT_TARGET = 12.0;
				MARKETING_VERSION = 1.0.0;
				PRODUCT_BUNDLE_IDENTIFIER = com.github.mtj0928.SlideGen.ChibaSwiftSwiftLinuxSDKPresentation;
				PRODUCT_NAME = ChibaSwiftStaticLinuxSDKPresentation;
				SDKROOT = macosx;
			};
			name = Release;
		};
/* End XCBuildConfiguration section */

/* Begin XCConfigurationList section */
		1EB7B8D6EB1DE32F7705531B /* Build configuration list for PBXProject "ChibaSwiftStaticLinuxSDKPresentation" */ = {
			isa = XCConfigurationList;
			buildConfigurations = (
				B7658D93444498CCA78B37DE /* Debug */,
				5BF36190132400E78F8DCE76 /* Release */,
			);
			defaultConfigurationIsVisible = 0;
			defaultConfigurationName = Debug;
		};
		A3AA3355A7980B565C4C40DB /* Build configuration list for PBXNativeTarget "ChibaSwiftStaticLinuxSDKPresentation" */ = {
			isa = XCConfigurationList;
			buildConfigurations = (
				3058D65B0C7B9F0F2DDDE9A6 /* Debug */,
				F8F4A08B16146745A967A8B9 /* Release */,
			);
			defaultConfigurationIsVisible = 0;
			defaultConfigurationName = Debug;
		};
/* End XCConfigurationList section */

/* Begin XCRemoteSwiftPackageReference section */
		B33A7C57E07DC660E6464830 /* XCRemoteSwiftPackageReference "SlideKit" */ = {
			isa = XCRemoteSwiftPackageReference;
			repositoryURL = "https://github.com/mtj0928/SlideKit";
			requirement = {
				kind = upToNextMajorVersion;
				minimumVersion = 0.4.0;
			};
		};
/* End XCRemoteSwiftPackageReference section */

/* Begin XCSwiftPackageProductDependency section */
		D9E8550ED6AB0A42244705A8 /* SlideKit */ = {
			isa = XCSwiftPackageProductDependency;
			package = B33A7C57E07DC660E6464830 /* XCRemoteSwiftPackageReference "SlideKit" */;
			productName = SlideKit;
		};
/* End XCSwiftPackageProductDependency section */
	};
	rootObject = 7EEF492F3EA4CFC9BA213635 /* Project object */;
}
